
Microsoft Visual Studio Solution File, Format Version 12.00
# Visual Studio 15
VisualStudioVersion = 15.0.28307.168
MinimumVisualStudioVersion = 10.0.40219.1
Project("{888888A0-9F3D-457C-B088-3A5042F75D52}") = "NetworkAnalyzerReduction", "NetworkAnalyzerReduction.pyproj", "{6BB47BF3-A6C3-4DED-A0FE-2B4DBAF81896}"
EndProject
Global
	GlobalSection(SolutionConfigurationPlatforms) = preSolution
		Debug|Any CPU = Debug|Any CPU
		Release|Any CPU = Release|Any CPU
	EndGlobalSection
	GlobalSection(ProjectConfigurationPlatforms) = postSolution
		{6BB47BF3-A6C3-4DED-A0FE-2B4DBAF81896}.Debug|Any CPU.ActiveCfg = Debug|Any CPU
		{6BB47BF3-A6C3-4DED-A0FE-2B4DBAF81896}.Release|Any CPU.ActiveCfg = Release|Any CPU
	EndGlobalSection
	GlobalSection(SolutionProperties) = preSolution
		HideSolutionNode = FALSE
	EndGlobalSection
	GlobalSection(ExtensibilityGlobals) = postSolution
		SolutionGuid = {0278DE02-8999-4DBC-B75C-7A807CD375F8}
	EndGlobalSection
EndGlobal
